// !$*UTF8*$!
{
	archiveVersion = 1;
	classes = {
	};
	objectVersion = 55;
	objects = {

/* Begin PBXBuildFile section */
		B3B2E3392731DE3E00FD8A2B /* AppDelegate.swift in Sources */ = {isa = PBXBuildFile; fileRef = B3B2E3382731DE3E00FD8A2B /* AppDelegate.swift */; };
		B3B2E33B2731DE3E00FD8A2B /* SceneDelegate.swift in Sources */ = {isa = PBXBuildFile; fileRef = B3B2E33A2731DE3E00FD8A2B /* SceneDelegate.swift */; };
		B3B2E33D2731DE3E00FD8A2B /* ViewController.swift in Sources */ = {isa = PBXBuildFile; fileRef = B3B2E33C2731DE3E00FD8A2B /* ViewController.swift */; };
		B3B2E3402731DE3E00FD8A2B /* Main.storyboard in Resources */ = {isa = PBXBuildFile; fileRef = B3B2E33E2731DE3E00FD8A2B /* Main.storyboard */; };
		B3B2E3422731DE4300FD8A2B /* Assets.xcassets in Resources */ = {isa = PBXBuildFile; fileRef = B3B2E3412731DE4300FD8A2B /* Assets.xcassets */; };
		B3B2E3452731DE4300FD8A2B /* LaunchScreen.storyboard in Resources */ = {isa = PBXBuildFile; fileRef = B3B2E3432731DE4300FD8A2B /* LaunchScreen.storyboard */; };
		B3B2E34D2731E8DD00FD8A2B /* SwiftUIView.swift in Sources */ = {isa = PBXBuildFile; fileRef = B3B2E34C2731E8DD00FD8A2B /* SwiftUIView.swift */; };
/* End PBXBuildFile section */

/* Begin PBXFileReference section */
		B3B2E3352731DE3E00FD8A2B /* StoryboardApp Chapter 14.app */ = {isa = PBXFileReference; explicitFileType = wrapper.application; includeInIndex = 0; path = "StoryboardApp Chapter 14.app"; sourceTree = BUILT_PRODUCTS_DIR; };
		B3B2E3382731DE3E00FD8A2B /* AppDelegate.swift */ = {isa = PBXFileReference; lastKnownFileType = sourcecode.swift; path = AppDelegate.swift; sourceTree = "<group>"; };
		B3B2E33A2731DE3E00FD8A2B /* SceneDelegate.swift */ = {isa = PBXFileReference; lastKnownFileType = sourcecode.swift; path = SceneDelegate.swift; sourceTree = "<group>"; };
		B3B2E33C2731DE3E00FD8A2B /* ViewController.swift */ = {isa = PBXFileReference; lastKnownFileType = sourcecode.swift; path = ViewController.swift; sourceTree = "<group>"; };
		B3B2E33F2731DE3E00FD8A2B /* Base */ = {isa = PBXFileReference; lastKnownFileType = file.storyboard; name = Base; path = Base.lproj/Main.storyboard; sourceTree = "<group>"; };
		B3B2E3412731DE4300FD8A2B /* Assets.xcassets */ = {isa = PBXFileReference; lastKnownFileType = folder.assetcatalog; path = Assets.xcassets; sourceTree = "<group>"; };
		B3B2E3442731DE4300FD8A2B /* Base */ = {isa = PBXFileReference; lastKnownFileType = file.storyboard; name = Base; path = Base.lproj/LaunchScreen.storyboard; sourceTree = "<group>"; };
		B3B2E3462731DE4300FD8A2B /* Info.plist */ = {isa = PBXFileReference; lastKnownFileType = text.plist.xml; path = Info.plist; sourceTree = "<group>"; };
		B3B2E34C2731E8DD00FD8A2B /* SwiftUIView.swift */ = {isa = PBXFileReference; lastKnownFileType = sourcecode.swift; path = SwiftUIView.swift; sourceTree = "<group>"; };
/* End PBXFileReference section */

/* Begin PBXFrameworksBuildPhase section */
		B3B2E3322731DE3E00FD8A2B /* Frameworks */ = {
			isa = PBXFrameworksBuildPhase;
			buildActionMask = 2147483647;
			files = (
			);
			runOnlyForDeploymentPostprocessing = 0;
		};
/* End PBXFrameworksBuildPhase section */

/* Begin PBXGroup section */
		B3B2E32C2731DE3E00FD8A2B = {
			isa = PBXGroup;
			children = (
				B3B2E3372731DE3E00FD8A2B /* StoryboardApp Chapter 14 */,
				B3B2E3362731DE3E00FD8A2B /* Products */,
			);
			sourceTree = "<group>";
		};
		B3B2E3362731DE3E00FD8A2B /* Products */ = {
			isa = PBXGroup;
			children = (
				B3B2E3352731DE3E00FD8A2B /* StoryboardApp Chapter 14.app */,
			);
			name = Products;
			sourceTree = "<group>";
		};
		B3B2E3372731DE3E00FD8A2B /* StoryboardApp Chapter 14 */ = {
			isa = PBXGroup;
			children = (
				B3B2E3382731DE3E00FD8A2B /* AppDelegate.swift */,
				B3B2E33A2731DE3E00FD8A2B /* SceneDelegate.swift */,
				B3B2E33C2731DE3E00FD8A2B /* ViewController.swift */,
				B3B2E33E2731DE3E00FD8A2B /* Main.storyboard */,
				B3B2E34C2731E8DD00FD8A2B /* SwiftUIView.swift */,
				B3B2E3412731DE4300FD8A2B /* Assets.xcassets */,
				B3B2E3432731DE4300FD8A2B /* LaunchScreen.storyboard */,
				B3B2E3462731DE4300FD8A2B /* Info.plist */,
			);
			path = "StoryboardApp Chapter 14";
			sourceTree = "<group>";
		};
/* End PBXGroup section */

/* Begin PBXNativeTarget section */
		B3B2E3342731DE3E00FD8A2B /* StoryboardApp Chapter 14 */ = {
			isa = PBXNativeTarget;
			buildConfigurationList = B3B2E3492731DE4300FD8A2B /* Build configuration list for PBXNativeTarget "StoryboardApp Chapter 14" */;
			buildPhases = (
				B3B2E3312731DE3E00FD8A2B /* Sources */,
				B3B2E3322731DE3E00FD8A2B /* Frameworks */,
				B3B2E3332731DE3E00FD8A2B /* Resources */,
			);
			buildRules = (
			);
			dependencies = (
			);
			name = "StoryboardApp Chapter 14";
			productName = "StoryboardApp Chapter 14";
			productReference = B3B2E3352731DE3E00FD8A2B /* StoryboardApp Chapter 14.app */;
			productType = "com.apple.product-type.application";
		};
/* End PBXNativeTarget section */

/* Begin PBXProject section */
		B3B2E32D2731DE3E00FD8A2B /* Project object */ = {
			isa = PBXProject;
			attributes = {
				BuildIndependentTargetsInParallel = 1;
				LastSwiftUpdateCheck = 1310;
				LastUpgradeCheck = 1310;
				TargetAttributes = {
					B3B2E3342731DE3E00FD8A2B = {
						CreatedOnToolsVersion = 13.1;
					};
				};
			};
			buildConfigurationList = B3B2E3302731DE3E00FD8A2B /* Build configuration list for PBXProject "StoryboardApp Chapter 14" */;
			compatibilityVersion = "Xcode 13.0";
			developmentRegion = en;
			hasScannedForEncodings = 0;
			knownRegions = (
				en,
				Base,
			);
			mainGroup = B3B2E32C2731DE3E00FD8A2B;
			productRefGroup = B3B2E3362731DE3E00FD8A2B /* Products */;
			projectDirPath = "";
			projectRoot = "";
			targets = (
				B3B2E3342731DE3E00FD8A2B /* StoryboardApp Chapter 14 */,
			);
		};
/* End PBXProject section */

/* Begin PBXResourcesBuildPhase section */
		B3B2E3332731DE3E00FD8A2B /* Resources */ = {
			isa = PBXResourcesBuildPhase;
			buildActionMask = 2147483647;
			files = (
				B3B2E3452731DE4300FD8A2B /* LaunchScreen.storyboard in Resources */,
				B3B2E3422731DE4300FD8A2B /* Assets.xcassets in Resources */,
				B3B2E3402731DE3E00FD8A2B /* Main.storyboard in Resources */,
			);
			runOnlyForDeploymentPostprocessing = 0;
		};
/* End PBXResourcesBuildPhase section */

/* Begin PBXSourcesBuildPhase section */
		B3B2E3312731DE3E00FD8A2B /* Sources */ = {
			isa = PBXSourcesBuildPhase;
			buildActionMask = 2147483647;
			files = (
				B3B2E33D2731DE3E00FD8A2B /* ViewController.swift in Sources */,
				B3B2E3392731DE3E00FD8A2B /* AppDelegate.swift in Sources */,
				B3B2E34D2731E8DD00FD8A2B /* SwiftUIView.swift in Sources */,
				B3B2E33B2731DE3E00FD8A2B /* SceneDelegate.swift in Sources */,
			);
			runOnlyForDeploymentPostprocessing = 0;
		};
/* End PBXSourcesBuildPhase section */

/* Begin PBXVariantGroup section */
		B3B2E33E2731DE3E00FD8A2B /* Main.storyboard */ = {
			isa = PBXVariantGroup;
			children = (
				B3B2E33F2731DE3E00FD8A2B /* Base */,
			);
			name = Main.storyboard;
			sourceTree = "<group>";
		};
		B3B2E3432731DE4300FD8A2B /* LaunchScreen.storyboard */ = {
			isa = PBXVariantGroup;
			children = (
				B3B2E3442731DE4300FD8A2B /* Base */,
			);
			name = LaunchScreen.storyboard;
			sourceTree = "<group>";
		};
/* End PBXVariantGroup section */

/* Begin XCBuildConfiguration section */
		B3B2E3472731DE4300FD8A2B /* Debug */ = {
			isa = XCBuildConfiguration;
			buildSettings = {
				ALWAYS_SEARCH_USER_PATHS = NO;
				CLANG_ANALYZER_NONNULL = YES;
				CLANG_ANALYZER_NUMBER_OBJECT_CONVERSION = YES_AGGRESSIVE;
				CLANG_CXX_LANGUAGE_STANDARD = "gnu++17";
				CLANG_CXX_LIBRARY = "libc++";
				CLANG_ENABLE_MODULES = YES;
				CLANG_ENABLE_OBJC_ARC = YES;
				CLANG_ENABLE_OBJC_WEAK = YES;
				CLANG_WARN_BLOCK_CAPTURE_AUTORELEASING = YES;
				CLANG_WARN_BOOL_CONVERSION = YES;
				CLANG_WARN_COMMA = YES;
				CLANG_WARN_CONSTANT_CONVERSION = YES;
				CLANG_WARN_DEPRECATED_OBJC_IMPLEMENTATIONS = YES;
				CLANG_WARN_DIRECT_OBJC_ISA_USAGE = YES_ERROR;
				CLANG_WARN_DOCUMENTATION_COMMENTS = YES;
				CLANG_WARN_EMPTY_BODY = YES;
				CLANG_WARN_ENUM_CONVERSION = YES;
				CLANG_WARN_INFINITE_RECURSION = YES;
				CLANG_WARN_INT_CONVERSION = YES;
				CLANG_WARN_NON_LITERAL_NULL_CONVERSION = YES;
				CLANG_WARN_OBJC_IMPLICIT_RETAIN_SELF = YES;
				CLANG_WARN_OBJC_LITERAL_CONVERSION = YES;
				CLANG_WARN_OBJC_ROOT_CLASS = YES_ERROR;
				CLANG_WARN_QUOTED_INCLUDE_IN_FRAMEWORK_HEADER = YES;
				CLANG_WARN_RANGE_LOOP_ANALYSIS = YES;
				CLANG_WARN_STRICT_PROTOTYPES = YES;
				CLANG_WARN_SUSPICIOUS_MOVE = YES;
				CLANG_WARN_UNGUARDED_AVAILABILITY = YES_AGGRESSIVE;
				CLANG_WARN_UNREACHABLE_CODE = YES;
				CLANG_WARN__DUPLICATE_METHOD_MATCH = YES;
				COPY_PHASE_STRIP = NO;
				DEBUG_INFORMATION_FORMAT = dwarf;
				ENABLE_STRICT_OBJC_MSGSEND = YES;
				ENABLE_TESTABILITY = YES;
				GCC_C_LANGUAGE_STANDARD = gnu11;
				GCC_DYNAMIC_NO_PIC = NO;
				GCC_NO_COMMON_BLOCKS = YES;
				GCC_OPTIMIZATION_LEVEL = 0;
				GCC_PREPROCESSOR_DEFINITIONS = (
					"DEBUG=1",
					"$(inherited)",
				);
				GCC_WARN_64_TO_32_BIT_CONVERSION = YES;
				GCC_WARN_ABOUT_RETURN_TYPE = YES_ERROR;
				GCC_WARN_UNDECLARED_SELECTOR = YES;
				GCC_WARN_UNINITIALIZED_AUTOS = YES_AGGRESSIVE;
				GCC_WARN_UNUSED_FUNCTION = YES;
				GCC_WARN_UNUSED_VARIABLE = YES;
				IPHONEOS_DEPLOYMENT_TARGET = 15.0;
				MTL_ENABLE_DEBUG_INFO = INCLUDE_SOURCE;
				MTL_FAST_MATH = YES;
				ONLY_ACTIVE_ARCH = YES;
				SDKROOT = iphoneos;
				SWIFT_ACTIVE_COMPILATION_CONDITIONS = DEBUG;
				SWIFT_OPTIMIZATION_LEVEL = "-Onone";
			};
			name = Debug;
		};
		B3B2E3482731DE4300FD8A2B /* Release */ = {
			isa = XCBuildConfiguration;
			buildSettings = {
				ALWAYS_SEARCH_USER_PATHS = NO;
				CLANG_ANALYZER_NONNULL = YES;
				CLANG_ANALYZER_NUMBER_OBJECT_CONVERSION = YES_AGGRESSIVE;
				CLANG_CXX_LANGUAGE_STANDARD = "gnu++17";
				CLANG_CXX_LIBRARY = "libc++";
				CLANG_ENABLE_MODULES = YES;
				CLANG_ENABLE_OBJC_ARC = YES;
				CLANG_ENABLE_OBJC_WEAK = YES;
				CLANG_WARN_BLOCK_CAPTURE_AUTORELEASING = YES;
				CLANG_WARN_BOOL_CONVERSION = YES;
				CLANG_WARN_COMMA = YES;
				CLANG_WARN_CONSTANT_CONVERSION = YES;
				CLANG_WARN_DEPRECATED_OBJC_IMPLEMENTATIONS = YES;
				CLANG_WARN_DIRECT_OBJC_ISA_USAGE = YES_ERROR;
				CLANG_WARN_DOCUMENTATION_COMMENTS = YES;
				CLANG_WARN_EMPTY_BODY = YES;
				CLANG_WARN_ENUM_CONVERSION = YES;
				CLANG_WARN_INFINITE_RECURSION = YES;
				CLANG_WARN_INT_CONVERSION = YES;
				CLANG_WARN_NON_LITERAL_NULL_CONVERSION = YES;
				CLANG_WARN_OBJC_IMPLICIT_RETAIN_SELF = YES;
				CLANG_WARN_OBJC_LITERAL_CONVERSION = YES;
				CLANG_WARN_OBJC_ROOT_CLASS = YES_ERROR;
				CLANG_WARN_QUOTED_INCLUDE_IN_FRAMEWORK_HEADER = YES;
				CLANG_WARN_RANGE_LOOP_ANALYSIS = YES;
				CLANG_WARN_STRICT_PROTOTYPES = YES;
				CLANG_WARN_SUSPICIOUS_MOVE = YES;
				CLANG_WARN_UNGUARDED_AVAILABILITY = YES_AGGRESSIVE;
				CLANG_WARN_UNREACHABLE_CODE = YES;
				CLANG_WARN__DUPLICATE_METHOD_MATCH = YES;
				COPY_PHASE_STRIP = NO;
				DEBUG_INFORMATION_FORMAT = "dwarf-with-dsym";
				ENABLE_NS_ASSERTIONS = NO;
				ENABLE_STRICT_OBJC_MSGSEND = YES;
				GCC_C_LANGUAGE_STANDARD = gnu11;
				GCC_NO_COMMON_BLOCKS = YES;
				GCC_WARN_64_TO_32_BIT_CONVERSION = YES;
				GCC_WARN_ABOUT_RETURN_TYPE = YES_ERROR;
				GCC_WARN_UNDECLARED_SELECTOR = YES;
				GCC_WARN_UNINITIALIZED_AUTOS = YES_AGGRESSIVE;
				GCC_WARN_UNUSED_FUNCTION = YES;
				GCC_WARN_UNUSED_VARIABLE = YES;
				IPHONEOS_DEPLOYMENT_TARGET = 15.0;
				MTL_ENABLE_DEBUG_INFO = NO;
				MTL_FAST_MATH = YES;
				SDKROOT = iphoneos;
				SWIFT_COMPILATION_MODE = wholemodule;
				SWIFT_OPTIMIZATION_LEVEL = "-O";
				VALIDATE_PRODUCT = YES;
			};
			name = Release;
		};
		B3B2E34A2731DE4300FD8A2B /* Debug */ = {
			isa = XCBuildConfiguration;
			buildSettings = {
				ASSETCATALOG_COMPILER_APPICON_NAME = AppIcon;
				ASSETCATALOG_COMPILER_GLOBAL_ACCENT_COLOR_NAME = AccentColor;
				CODE_SIGN_STYLE = Automatic;
				CURRENT_PROJECT_VERSION = 1;
				DEVELOPMENT_TEAM = SC68H9FVRJ;
				GENERATE_INFOPLIST_FILE = YES;
				INFOPLIST_FILE = "StoryboardApp Chapter 14/Info.plist";
				INFOPLIST_KEY_UIApplicationSupportsIndirectInputEvents = YES;
				INFOPLIST_KEY_UILaunchStoryboardName = LaunchScreen;
				INFOPLIST_KEY_UIMainStoryboardFile = Main;
				INFOPLIST_KEY_UISupportedInterfaceOrientations_iPad = "UIInterfaceOrientationPortrait UIInterfaceOrientationPortraitUpsideDown UIInterfaceOrientationLandscapeLeft UIInterfaceOrientationLandscapeRight";
				INFOPLIST_KEY_UISupportedInterfaceOrientations_iPhone = "UIInterfaceOrientationPortrait UIInterfaceOrientationLandscapeLeft UIInterfaceOrientationLandscapeRight";
				LD_RUNPATH_SEARCH_PATHS = (
					"$(inherited)",
					"@executable_path/Frameworks",
				);
				MARKETING_VERSION = 1.0;
				PRODUCT_BUNDLE_IDENTIFIER = "com.topbananas.StoryboardApp-Chapter-14";
				PRODUCT_NAME = "$(TARGET_NAME)";
				SWIFT_EMIT_LOC_STRINGS = YES;
				SWIFT_VERSION = 5.0;
				TARGETED_DEVICE_FAMILY = "1,2";
			};
			name = Debug;
		};
		B3B2E34B2731DE4300FD8A2B /* Release */ = {
			isa = XCBuildConfiguration;
			buildSettings = {
				ASSETCATALOG_COMPILER_APPICON_NAME = AppIcon;
				ASSETCATALOG_COMPILER_GLOBAL_ACCENT_COLOR_NAME = AccentColor;
				CODE_SIGN_STYLE = Automatic;
				CURRENT_PROJECT_VERSION = 1;
				DEVELOPMENT_TEAM = SC68H9FVRJ;
				GENERATE_INFOPLIST_FILE = YES;
				INFOPLIST_FILE = "StoryboardApp Chapter 14/Info.plist";
				INFOPLIST_KEY_UIApplicationSupportsIndirectInputEvents = YES;
				INFOPLIST_KEY_UILaunchStoryboardName = LaunchScreen;
				INFOPLIST_KEY_UIMainStoryboardFile = Main;
				INFOPLIST_KEY_UISupportedInterfaceOrientations_iPad = "UIInterfaceOrientationPortrait UIInterfaceOrientationPortraitUpsideDown UIInterfaceOrientationLandscapeLeft UIInterfaceOrientationLandscapeRight";
				INFOPLIST_KEY_UISupportedInterfaceOrientations_iPhone = "UIInterfaceOrientationPortrait UIInterfaceOrientationLandscapeLeft UIInterfaceOrientationLandscapeRight";
				LD_RUNPATH_SEARCH_PATHS = (
					"$(inherited)",
					"@executable_path/Frameworks",
				);
				MARKETING_VERSION = 1.0;
				PRODUCT_BUNDLE_IDENTIFIER = "com.topbananas.StoryboardApp-Chapter-14";
				PRODUCT_NAME = "$(TARGET_NAME)";
				SWIFT_EMIT_LOC_STRINGS = YES;
				SWIFT_VERSION = 5.0;
				TARGETED_DEVICE_FAMILY = "1,2";
			};
			name = Release;
		};
/* End XCBuildConfiguration section */

/* Begin XCConfigurationList section */
		B3B2E3302731DE3E00FD8A2B /* Build configuration list for PBXProject "StoryboardApp Chapter 14" */ = {
			isa = XCConfigurationList;
			buildConfigurations = (
				B3B2E3472731DE4300FD8A2B /* Debug */,
				B3B2E3482731DE4300FD8A2B /* Release */,
			);
			defaultConfigurationIsVisible = 0;
			defaultConfigurationName = Release;
		};
		B3B2E3492731DE4300FD8A2B /* Build configuration list for PBXNativeTarget "StoryboardApp Chapter 14" */ = {
			isa = XCConfigurationList;
			buildConfigurations = (
				B3B2E34A2731DE4300FD8A2B /* Debug */,
				B3B2E34B2731DE4300FD8A2B /* Release */,
			);
			defaultConfigurationIsVisible = 0;
			defaultConfigurationName = Release;
		};
/* End XCConfigurationList section */
	};
	rootObject = B3B2E32D2731DE3E00FD8A2B /* Project object */;
}
